{
  "lockfile_version": "1",
  "packages": {
    "istioctl@1.22.3": {
      "last_modified": "2024-08-14T11:41:26Z",
      "resolved": "github:NixOS/nixpkgs/0cb2fd7c59fed0cd82ef858cbcbdb552b9a33465#istioctl",
      "source": "devbox-search",
      "version": "1.22.3",
      "systems": {
        "aarch64-darwin": {
          "outputs": [
            {
              "name": "out",
              "path": "/nix/store/jspnl9vzdbipz8cg0kinsj3nrym7bs7m-istioctl-1.22.3",
              "default": true
            }
          ],
          "store_path": "/nix/store/jspnl9vzdbipz8cg0kinsj3nrym7bs7m-istioctl-1.22.3"
        },
        "aarch64-linux": {
          "outputs": [
            {
              "name": "out",
              "path": "/nix/store/jpm9v2i6c6b4ysrhd0wd0s5gn370b7ca-istioctl-1.22.3",
              "default": true
            }
          ],
          "store_path": "/nix/store/jpm9v2i6c6b4ysrhd0wd0s5gn370b7ca-istioctl-1.22.3"
        },
        "x86_64-darwin": {
          "outputs": [
            {
              "name": "out",
              "path": "/nix/store/8p1a880rh77y8562kr7v6zqsyjrm66b4-istioctl-1.22.3",
              "default": true
            }
          ],
          "store_path": "/nix/store/8p1a880rh77y8562kr7v6zqsyjrm66b4-istioctl-1.22.3"
        },
        "x86_64-linux": {
          "outputs": [
            {
              "name": "out",
              "path": "/nix/store/cw5s89pvqg54iz6nfs0kv4b191f551r6-istioctl-1.22.3",
              "default": true
            }
          ],
          "store_path": "/nix/store/cw5s89pvqg54iz6nfs0kv4b191f551r6-istioctl-1.22.3"
        }
      }
    },
    "jq@1.7.1": {
      "last_modified": "2024-08-21T20:16:49Z",
      "resolved": "github:NixOS/nixpkgs/36a9aeaaa17a2d4348498275f9fe530cd4f9e519#jq",
      "source": "devbox-search",
      "version": "1.7.1",
      "systems": {
        "aarch64-darwin": {
          "outputs": [
            {
              "name": "bin",
              "path": "/nix/store/ljpsp4f53h3ckmc4czxflj80ix8fqpdd-jq-1.7.1-bin",
              "default": true
            },
            {
              "name": "man",
              "path": "/nix/store/nga89iljl17wwhr249l3pn688l6l746f-jq-1.7.1-man",
              "default": true
            },
            {
              "name": "lib",
              "path": "/nix/store/gvdvq75g2l8imsnwkig0y016yml11xi2-jq-1.7.1-lib"
            },
            {
              "name": "out",
              "path": "/nix/store/pipq080jz3g82l69pxivws45y76bdr2x-jq-1.7.1"
            },
            {
              "name": "dev",
              "path": "/nix/store/qjq0bcabb4qsmsdsvd1j969m8ldizih5-jq-1.7.1-dev"
            },
            {
              "name": "doc",
              "path": "/nix/store/fjnj42dfjx6dm3d58ak7jgkp41gcgzz2-jq-1.7.1-doc"
            }
          ],
          "store_path": "/nix/store/ljpsp4f53h3ckmc4czxflj80ix8fqpdd-jq-1.7.1-bin"
        },
        "aarch64-linux": {
          "outputs": [
            {
              "name": "bin",
              "path": "/nix/store/r5zdg1d18jlrbz72y385y8c73qxhig97-jq-1.7.1-bin",
              "default": true
            },
            {
              "name": "man",
              "path": "/nix/store/k75i4l619mqwq1zlcq23b89dx7gxalm7-jq-1.7.1-man",
              "default": true
            },
            {
              "name": "lib",
              "path": "/nix/store/4jyirc6ds8blyq9gghjasaqp7ysjxi0n-jq-1.7.1-lib"
            },
            {
              "name": "out",
              "path": "/nix/store/7pl1lv0lws955p475l8bc48fyp4z5ls5-jq-1.7.1"
            },
            {
              "name": "dev",
              "path": "/nix/store/8v7lp5414jskbrxq28rp8mnm4x8w8rsq-jq-1.7.1-dev"
            },
            {
              "name": "doc",
              "path": "/nix/store/vnxv8cz3ad5hhc5blqa5x22wysklh3bi-jq-1.7.1-doc"
            }
          ],
          "store_path": "/nix/store/r5zdg1d18jlrbz72y385y8c73qxhig97-jq-1.7.1-bin"
        },
        "x86_64-darwin": {
          "outputs": [
            {
              "name": "bin",
              "path": "/nix/store/hnn3wa3n91b79dhqizi887wbp4h48b4l-jq-1.7.1-bin",
              "default": true
            },
            {
              "name": "man",
              "path": "/nix/store/qdydz8l82h62khyx2nnj20b22a40j40b-jq-1.7.1-man",
              "default": true
            },
            {
              "name": "dev",
              "path": "/nix/store/xivn6zjd871mkrgrwwzppbf3d3ip88mn-jq-1.7.1-dev"
            },
            {
              "name": "doc",
              "path": "/nix/store/7md9ys6s8pda9xk328i3jvwfzmbip77k-jq-1.7.1-doc"
            },
            {
              "name": "lib",
              "path": "/nix/store/pjqbn8yyirdi2p24n1dq7vjha59b9x5i-jq-1.7.1-lib"
            },
            {
              "name": "out",
              "path": "/nix/store/dy83nyjdjdrgfcxjaxwva5m20xbmxphw-jq-1.7.1"
            }
          ],
          "store_path": "/nix/store/hnn3wa3n91b79dhqizi887wbp4h48b4l-jq-1.7.1-bin"
        },
        "x86_64-linux": {
          "outputs": [
            {
              "name": "bin",
              "path": "/nix/store/wq2z3xx9z1d1d1c46mcrpd292qmnxdaa-jq-1.7.1-bin",
              "default": true
            },
            {
              "name": "man",
              "path": "/nix/store/cdad3zr7v3j36l84x67y975f6hbqsn0z-jq-1.7.1-man",
              "default": true
            },
            {
              "name": "dev",
              "path": "/nix/store/hs3z0qj7vixfynv0337dx23rq8jyfiwx-jq-1.7.1-dev"
            },
            {
              "name": "doc",
              "path": "/nix/store/anl913qgdri5bg7p9j3xl1ihr68dbp8l-jq-1.7.1-doc"
            },
            {
              "name": "lib",
              "path": "/nix/store/inklgpq2p12r44crs5fj6n3mwh5gvqb9-jq-1.7.1-lib"
            },
            {
              "name": "out",
              "path": "/nix/store/2yrlci50s3qma5wcnsisy9w4i4xva58l-jq-1.7.1"
            }
          ],
          "store_path": "/nix/store/wq2z3xx9z1d1d1c46mcrpd292qmnxdaa-jq-1.7.1-bin"
        }
      }
    },
    "kind@0.24.0": {
      "last_modified": "2024-08-16T17:05:30Z",
      "resolved": "github:NixOS/nixpkgs/d4a7a4d0e066278bfb0d77bd2a7adde1c0ec9e3d#kind",
      "source": "devbox-search",
      "version": "0.24.0",
      "systems": {
        "aarch64-darwin": {
          "outputs": [
            {
              "name": "out",
              "path": "/nix/store/pj7qyd4rqk5b0vcd19vm27przdzqrf3c-kind-0.24.0",
              "default": true
            }
          ],
          "store_path": "/nix/store/pj7qyd4rqk5b0vcd19vm27przdzqrf3c-kind-0.24.0"
        },
        "aarch64-linux": {
          "outputs": [
            {
              "name": "out",
              "path": "/nix/store/3834z5v6w1hja8p32c6gzxhdm5hy246i-kind-0.24.0",
              "default": true
            }
          ],
          "store_path": "/nix/store/3834z5v6w1hja8p32c6gzxhdm5hy246i-kind-0.24.0"
        },
        "x86_64-darwin": {
          "outputs": [
            {
              "name": "out",
              "path": "/nix/store/ciirqbhlvz16zzxvfvy4g7cvvs5y9rm8-kind-0.24.0",
              "default": true
            }
          ],
          "store_path": "/nix/store/ciirqbhlvz16zzxvfvy4g7cvvs5y9rm8-kind-0.24.0"
        },
        "x86_64-linux": {
          "outputs": [
            {
              "name": "out",
              "path": "/nix/store/z61dbjb9zz1b3zbrnv236pjqld4nrl16-kind-0.24.0",
              "default": true
            }
          ],
          "store_path": "/nix/store/z61dbjb9zz1b3zbrnv236pjqld4nrl16-kind-0.24.0"
        }
      }
    },
    "kubectl@1.30.2": {
      "last_modified": "2024-08-14T11:41:26Z",
      "resolved": "github:NixOS/nixpkgs/0cb2fd7c59fed0cd82ef858cbcbdb552b9a33465#kubectl",
      "source": "devbox-search",
      "version": "1.30.2",
      "systems": {
        "aarch64-darwin": {
          "outputs": [
            {
              "name": "out",
              "path": "/nix/store/nwjg3cspgkan2k6bah5dfkvah794fh04-kubectl-1.30.2",
              "default": true
            },
            {
              "name": "man",
              "path": "/nix/store/7nsx8jzlr6mbz1inrgdjl2hm4ifq9bzh-kubectl-1.30.2-man",
              "default": true
            },
            {
              "name": "convert",
              "path": "/nix/store/sc97rbg7y8p2ag4h8njaax4s8jgplm3m-kubectl-1.30.2-convert"
            }
          ],
          "store_path": "/nix/store/nwjg3cspgkan2k6bah5dfkvah794fh04-kubectl-1.30.2"
        },
        "aarch64-linux": {
          "outputs": [
            {
              "name": "out",
              "path": "/nix/store/mwv97hrxm5akhbab8mwkc6pk7m9pq0g2-kubectl-1.30.2",
              "default": true
            },
            {
              "name": "man",
              "path": "/nix/store/1php79xym9ym4g9qbp33qxv6wgmhc890-kubectl-1.30.2-man",
              "default": true
            },
            {
              "name": "convert",
              "path": "/nix/store/j5b2iamzrvr15i8pp337jx55azbh4vs6-kubectl-1.30.2-convert"
            }
          ],
          "store_path": "/nix/store/mwv97hrxm5akhbab8mwkc6pk7m9pq0g2-kubectl-1.30.2"
        },
        "x86_64-darwin": {
          "outputs": [
            {
              "name": "out",
              "path": "/nix/store/drdsdr7ljibz32rx3ski97zdh4p4db63-kubectl-1.30.2",
              "default": true
            },
            {
              "name": "man",
              "path": "/nix/store/cii7fnm3gfv9q33kw2jbaw8mx61jnix2-kubectl-1.30.2-man",
              "default": true
            },
            {
              "name": "convert",
              "path": "/nix/store/q9b9ykf0vh7ms317wr9rdbp9dm0b4l0d-kubectl-1.30.2-convert"
            }
          ],
          "store_path": "/nix/store/drdsdr7ljibz32rx3ski97zdh4p4db63-kubectl-1.30.2"
        },
        "x86_64-linux": {
          "outputs": [
            {
              "name": "out",
              "path": "/nix/store/00kf7m44clwcwdp1nnhwxbsbyfc31m56-kubectl-1.30.2",
              "default": true
            },
            {
              "name": "man",
              "path": "/nix/store/4if9ph3frgf1irspr0sl9diav2s2aqvw-kubectl-1.30.2-man",
              "default": true
            },
            {
              "name": "convert",
              "path": "/nix/store/ggszgdaam3jhzq8801brpj18c81n1p4d-kubectl-1.30.2-convert"
            }
          ],
          "store_path": "/nix/store/00kf7m44clwcwdp1nnhwxbsbyfc31m56-kubectl-1.30.2"
        }
      }
    },
    "kubernetes-helm@3.15.4": {
      "last_modified": "2024-08-15T15:07:05Z",
      "resolved": "github:NixOS/nixpkgs/35e0ed8d1875d2303fab9930c6eb205654a2f6a3#kubernetes-helm",
      "source": "devbox-search",
      "version": "3.15.4",
      "systems": {
        "aarch64-darwin": {
          "outputs": [
            {
              "name": "out",
              "path": "/nix/store/gml165wqqihnm4rsr7d469n1nyfwg5sq-kubernetes-helm-3.15.4",
              "default": true
            }
          ],
          "store_path": "/nix/store/gml165wqqihnm4rsr7d469n1nyfwg5sq-kubernetes-helm-3.15.4"
        },
        "aarch64-linux": {
          "outputs": [
            {
              "name": "out",
              "path": "/nix/store/6pqvcqqfz2z1zk2xg7icib2ph6i199x5-kubernetes-helm-3.15.4",
              "default": true
            }
          ],
          "store_path": "/nix/store/6pqvcqqfz2z1zk2xg7icib2ph6i199x5-kubernetes-helm-3.15.4"
        },
        "x86_64-darwin": {
          "outputs": [
            {
              "name": "out",
              "path": "/nix/store/b4xn96vf6m5vlk4yglbmjx61jsshi07f-kubernetes-helm-3.15.4",
              "default": true
            }
          ],
          "store_path": "/nix/store/b4xn96vf6m5vlk4yglbmjx61jsshi07f-kubernetes-helm-3.15.4"
        },
        "x86_64-linux": {
          "outputs": [
            {
              "name": "out",
              "path": "/nix/store/j6zhxa1qkgav9vh420n521p99ccx93xp-kubernetes-helm-3.15.4",
              "default": true
            }
          ],
          "store_path": "/nix/store/j6zhxa1qkgav9vh420n521p99ccx93xp-kubernetes-helm-3.15.4"
        }
      }
    }
  }
}
